
Microsoft Visual Studio Solution File, Format Version 12.00
# Visual Studio Version 16
VisualStudioVersion = 16.0.30503.244
MinimumVisualStudioVersion = 10.0.40219.1
Project("{FAE04EC0-301F-11D3-BF4B-00C04F79EFBC}") = "Calculadora", "Calculadora\Calculadora.csproj", "{3A903D05-4D91-4BC9-B50F-39EC1A5E469E}"
EndProject
Project("{FAE04EC0-301F-11D3-BF4B-00C04F79EFBC}") = "ProvesCalculadora", "ProvesCalculadora\ProvesCalculadora.csproj", "{5D306542-F9AD-4AF5-9886-68C3BB0C8B3B}"
EndProject
Global
	GlobalSection(SolutionConfigurationPlatforms) = preSolution
		Debug|Any CPU = Debug|Any CPU
		Release|Any CPU = Release|Any CPU
	EndGlobalSection
	GlobalSection(ProjectConfigurationPlatforms) = postSolution
		{3A903D05-4D91-4BC9-B50F-39EC1A5E469E}.Debug|Any CPU.ActiveCfg = Debug|Any CPU
		{3A903D05-4D91-4BC9-B50F-39EC1A5E469E}.Debug|Any CPU.Build.0 = Debug|Any CPU
		{3A903D05-4D91-4BC9-B50F-39EC1A5E469E}.Release|Any CPU.ActiveCfg = Release|Any CPU
		{3A903D05-4D91-4BC9-B50F-39EC1A5E469E}.Release|Any CPU.Build.0 = Release|Any CPU
		{5D306542-F9AD-4AF5-9886-68C3BB0C8B3B}.Debug|Any CPU.ActiveCfg = Debug|Any CPU
		{5D306542-F9AD-4AF5-9886-68C3BB0C8B3B}.Debug|Any CPU.Build.0 = Debug|Any CPU
		{5D306542-F9AD-4AF5-9886-68C3BB0C8B3B}.Release|Any CPU.ActiveCfg = Release|Any CPU
		{5D306542-F9AD-4AF5-9886-68C3BB0C8B3B}.Release|Any CPU.Build.0 = Release|Any CPU
	EndGlobalSection
	GlobalSection(SolutionProperties) = preSolution
		HideSolutionNode = FALSE
	EndGlobalSection
	GlobalSection(ExtensibilityGlobals) = postSolution
		SolutionGuid = {80AAFB19-8AA9-4DCE-A742-9CF74E884387}
	EndGlobalSection
EndGlobal
